
Microsoft Visual Studio Solution File, Format Version 12.00
# Visual Studio Version 17
VisualStudioVersion = 17.14.36310.24 d17.14
MinimumVisualStudioVersion = 10.0.40219.1
Project("{FAE04EC0-301F-11D3-BF4B-00C04F79EFBC}") = "CrystalCove", "CrystalCove\CrystalCove.csproj", "{21FC00A5-22F0-47EC-B5FB-09A2CAE9CAA9}"
EndProject
Global
	GlobalSection(SolutionConfigurationPlatforms) = preSolution
		Debug|Any CPU = Debug|Any CPU
		Release|Any CPU = Release|Any CPU
	EndGlobalSection
	GlobalSection(ProjectConfigurationPlatforms) = postSolution
		{21FC00A5-22F0-47EC-B5FB-09A2CAE9CAA9}.Debug|Any CPU.ActiveCfg = Debug|Any CPU
		{21FC00A5-22F0-47EC-B5FB-09A2CAE9CAA9}.Debug|Any CPU.Build.0 = Debug|Any CPU
		{21FC00A5-22F0-47EC-B5FB-09A2CAE9CAA9}.Release|Any CPU.ActiveCfg = Release|Any CPU
		{21FC00A5-22F0-47EC-B5FB-09A2CAE9CAA9}.Release|Any CPU.Build.0 = Release|Any CPU
	EndGlobalSection
	GlobalSection(SolutionProperties) = preSolution
		HideSolutionNode = FALSE
	EndGlobalSection
	GlobalSection(ExtensibilityGlobals) = postSolution
		SolutionGuid = {8C71964D-E228-446D-9B36-E17EDF7FD306}
	EndGlobalSection
EndGlobal
